
Microsoft Visual Studio Solution File, Format Version 12.00
# Visual Studio Version 17
VisualStudioVersion = 17.10.34928.147
MinimumVisualStudioVersion = 10.0.40219.1
Project("{9A19103F-16F7-4668-BE54-9A1E7A4F7556}") = "StopWatch", "StopWatch\StopWatch.csproj", "{D1669424-2B86-4796-A965-B89B5C2146D4}"
EndProject
Project("{9A19103F-16F7-4668-BE54-9A1E7A4F7556}") = "DatesAndTimer", "DatesAndTimer\DatesAndTimer.csproj", "{3056AD9F-28D9-4D89-8A0A-0BAE8374193A}"
EndProject
Project("{FAE04EC0-301F-11D3-BF4B-00C04F79EFBC}") = "BankAccount", "BankAccount\BankAccount.csproj", "{9AD32DEE-4876-461C-B21F-EE32B1BE5987}"
EndProject
Global
	GlobalSection(SolutionConfigurationPlatforms) = preSolution
		Debug|Any CPU = Debug|Any CPU
		Release|Any CPU = Release|Any CPU
	EndGlobalSection
	GlobalSection(ProjectConfigurationPlatforms) = postSolution
		{D1669424-2B86-4796-A965-B89B5C2146D4}.Debug|Any CPU.ActiveCfg = Debug|Any CPU
		{D1669424-2B86-4796-A965-B89B5C2146D4}.Debug|Any CPU.Build.0 = Debug|Any CPU
		{D1669424-2B86-4796-A965-B89B5C2146D4}.Release|Any CPU.ActiveCfg = Release|Any CPU
		{D1669424-2B86-4796-A965-B89B5C2146D4}.Release|Any CPU.Build.0 = Release|Any CPU
		{3056AD9F-28D9-4D89-8A0A-0BAE8374193A}.Debug|Any CPU.ActiveCfg = Debug|Any CPU
		{3056AD9F-28D9-4D89-8A0A-0BAE8374193A}.Debug|Any CPU.Build.0 = Debug|Any CPU
		{3056AD9F-28D9-4D89-8A0A-0BAE8374193A}.Release|Any CPU.ActiveCfg = Release|Any CPU
		{3056AD9F-28D9-4D89-8A0A-0BAE8374193A}.Release|Any CPU.Build.0 = Release|Any CPU
		{9AD32DEE-4876-461C-B21F-EE32B1BE5987}.Debug|Any CPU.ActiveCfg = Debug|Any CPU
		{9AD32DEE-4876-461C-B21F-EE32B1BE5987}.Debug|Any CPU.Build.0 = Debug|Any CPU
		{9AD32DEE-4876-461C-B21F-EE32B1BE5987}.Release|Any CPU.ActiveCfg = Release|Any CPU
		{9AD32DEE-4876-461C-B21F-EE32B1BE5987}.Release|Any CPU.Build.0 = Release|Any CPU
	EndGlobalSection
	GlobalSection(SolutionProperties) = preSolution
		HideSolutionNode = FALSE
	EndGlobalSection
	GlobalSection(ExtensibilityGlobals) = postSolution
		SolutionGuid = {019F8341-D3F9-4230-AC09-9980EE15B2EE}
	EndGlobalSection
EndGlobal
